
Microsoft Visual Studio Solution File, Format Version 12.00
# Visual Studio 14
VisualStudioVersion = 14.0.25420.1
MinimumVisualStudioVersion = 10.0.40219.1
Project("{FAE04EC0-301F-11D3-BF4B-00C04F79EFBC}") = "MifuminUITypeEditor", "MifuminUITypeEditor\MifuminUITypeEditor.csproj", "{EBBBE10A-BEB4-4ED3-9AB0-0D4DD910E96F}"
EndProject
Project("{D954291E-2A0B-460D-934E-DC6B0785DB48}") = "EncodingEditor", "EncodingEditor\EncodingEditor.shproj", "{4FCCDA31-A323-4811-8208-204E57ED2A9A}"
EndProject
Project("{D954291E-2A0B-460D-934E-DC6B0785DB48}") = "EnumFlagEditor", "EnumFlagEditor\EnumFlagEditor.shproj", "{01DA6DBB-89E3-45BF-AFFF-CFB33EF11CC1}"
EndProject
Project("{2150E333-8FDC-42A3-9474-1A3956D46DE8}") = "Solution Items", "Solution Items", "{A07884E1-2B79-47F4-8542-6526637D9E0F}"
	ProjectSection(SolutionItems) = preProject
		license.txt = license.txt
		readme.txt = readme.txt
	EndProjectSection
EndProject
Project("{FAE04EC0-301F-11D3-BF4B-00C04F79EFBC}") = "MifuminUITypeEditorSample", "MifuminUITypeEditorSample\MifuminUITypeEditorSample.csproj", "{D4565E9B-DAC5-4D68-AACF-AF063E36DEA2}"
EndProject
Global
	GlobalSection(SharedMSBuildProjectFiles) = preSolution
		EnumFlagEditor\EnumFlagEditor.projitems*{01da6dbb-89e3-45bf-afff-cfb33ef11cc1}*SharedItemsImports = 13
		EncodingEditor\EncodingEditor.projitems*{4fccda31-a323-4811-8208-204e57ed2a9a}*SharedItemsImports = 13
		EncodingEditor\EncodingEditor.projitems*{ebbbe10a-beb4-4ed3-9ab0-0d4dd910e96f}*SharedItemsImports = 4
		EnumFlagEditor\EnumFlagEditor.projitems*{ebbbe10a-beb4-4ed3-9ab0-0d4dd910e96f}*SharedItemsImports = 4
	EndGlobalSection
	GlobalSection(SolutionConfigurationPlatforms) = preSolution
		Debug|Any CPU = Debug|Any CPU
		Release|Any CPU = Release|Any CPU
	EndGlobalSection
	GlobalSection(ProjectConfigurationPlatforms) = postSolution
		{EBBBE10A-BEB4-4ED3-9AB0-0D4DD910E96F}.Debug|Any CPU.ActiveCfg = Debug|Any CPU
		{EBBBE10A-BEB4-4ED3-9AB0-0D4DD910E96F}.Debug|Any CPU.Build.0 = Debug|Any CPU
		{EBBBE10A-BEB4-4ED3-9AB0-0D4DD910E96F}.Release|Any CPU.ActiveCfg = Release|Any CPU
		{EBBBE10A-BEB4-4ED3-9AB0-0D4DD910E96F}.Release|Any CPU.Build.0 = Release|Any CPU
		{D4565E9B-DAC5-4D68-AACF-AF063E36DEA2}.Debug|Any CPU.ActiveCfg = Debug|Any CPU
		{D4565E9B-DAC5-4D68-AACF-AF063E36DEA2}.Debug|Any CPU.Build.0 = Debug|Any CPU
		{D4565E9B-DAC5-4D68-AACF-AF063E36DEA2}.Release|Any CPU.ActiveCfg = Release|Any CPU
		{D4565E9B-DAC5-4D68-AACF-AF063E36DEA2}.Release|Any CPU.Build.0 = Release|Any CPU
	EndGlobalSection
	GlobalSection(SolutionProperties) = preSolution
		HideSolutionNode = FALSE
	EndGlobalSection
EndGlobal
